Microsoft Visual Studio Solution File, Format Version 12.00
# Visual Studio Version 16
VisualStudioVersion = 16.0.30011.22
MinimumVisualStudioVersion = 10.0.40219.1
Project("{FAE04EC0-301F-11D3-BF4B-00C04F79EFBC}") = "SendsafelyApi", "SendsafelyApi\SendsafelyApi.csproj", "{4B788E5B-20F0-4DD3-A56F-8CD9CCD30276}"
EndProject
Global
	GlobalSection(SolutionConfigurationPlatforms) = preSolution
		Debug|Any CPU = Debug|Any CPU
		Debug|Mixed Platforms = Debug|Mixed Platforms
		Debug|x86 = Debug|x86
		Release|Any CPU = Release|Any CPU
		Release|Mixed Platforms = Release|Mixed Platforms
		Release|x86 = Release|x86
	EndGlobalSection
	GlobalSection(ProjectConfigurationPlatforms) = postSolution
		{4B788E5B-20F0-4DD3-A56F-8CD9CCD30276}.Debug|Any CPU.ActiveCfg = Debug|Any CPU
		{4B788E5B-20F0-4DD3-A56F-8CD9CCD30276}.Debug|Any CPU.Build.0 = Debug|Any CPU
		{4B788E5B-20F0-4DD3-A56F-8CD9CCD30276}.Debug|Mixed Platforms.ActiveCfg = Debug|Any CPU
		{4B788E5B-20F0-4DD3-A56F-8CD9CCD30276}.Debug|Mixed Platforms.Build.0 = Debug|Any CPU
		{4B788E5B-20F0-4DD3-A56F-8CD9CCD30276}.Debug|x86.ActiveCfg = Debug|Any CPU
		{4B788E5B-20F0-4DD3-A56F-8CD9CCD30276}.Debug|x86.Build.0 = Debug|Any CPU
		{4B788E5B-20F0-4DD3-A56F-8CD9CCD30276}.Release|Any CPU.ActiveCfg = Release|Any CPU
		{4B788E5B-20F0-4DD3-A56F-8CD9CCD30276}.Release|Any CPU.Build.0 = Release|Any CPU
		{4B788E5B-20F0-4DD3-A56F-8CD9CCD30276}.Release|Mixed Platforms.ActiveCfg = Release|Any CPU
		{4B788E5B-20F0-4DD3-A56F-8CD9CCD30276}.Release|Mixed Platforms.Build.0 = Release|Any CPU
		{4B788E5B-20F0-4DD3-A56F-8CD9CCD30276}.Release|x86.ActiveCfg = Release|Any CPU
		{4B788E5B-20F0-4DD3-A56F-8CD9CCD30276}.Release|x86.Build.0 = Release|Any CPU
	EndGlobalSection
	GlobalSection(SolutionProperties) = preSolution
		HideSolutionNode = FALSE
	EndGlobalSection
	GlobalSection(ExtensibilityGlobals) = postSolution
		SolutionGuid = {09580AB2-B0CC-44BF-9DB0-22677C6E80F1}
	EndGlobalSection
EndGlobal
